
Microsoft Visual Studio Solution File, Format Version 12.00
# Visual Studio Version 17
VisualStudioVersion = 17.6.33829.357
MinimumVisualStudioVersion = 10.0.40219.1
Project("{FAE04EC0-301F-11D3-BF4B-00C04F79EFBC}") = "E-Visa Project", "E-Visa Project\E-Visa Project.csproj", "{A6D7E41D-A091-45C6-9F90-FB54014100A5}"
EndProject
Global
	GlobalSection(SolutionConfigurationPlatforms) = preSolution
		Debug|Any CPU = Debug|Any CPU
		Release|Any CPU = Release|Any CPU
	EndGlobalSection
	GlobalSection(ProjectConfigurationPlatforms) = postSolution
		{A6D7E41D-A091-45C6-9F90-FB54014100A5}.Debug|Any CPU.ActiveCfg = Debug|Any CPU
		{A6D7E41D-A091-45C6-9F90-FB54014100A5}.Debug|Any CPU.Build.0 = Debug|Any CPU
		{A6D7E41D-A091-45C6-9F90-FB54014100A5}.Release|Any CPU.ActiveCfg = Release|Any CPU
		{A6D7E41D-A091-45C6-9F90-FB54014100A5}.Release|Any CPU.Build.0 = Release|Any CPU
	EndGlobalSection
	GlobalSection(SolutionProperties) = preSolution
		HideSolutionNode = FALSE
	EndGlobalSection
	GlobalSection(ExtensibilityGlobals) = postSolution
		SolutionGuid = {520963EF-E364-43A7-9892-6DAFA6B2B3EA}
	EndGlobalSection
EndGlobal
